
Microsoft Visual Studio Solution File, Format Version 12.00
# Visual Studio Version 17
VisualStudioVersion = 17.6.33829.357
MinimumVisualStudioVersion = 10.0.40219.1
Project("{9A19103F-16F7-4668-BE54-9A1E7A4F7556}") = "MVC_ONION_PROJECT.DOMAIN", "MVC_ONION_PROJECT.DOMAIN\MVC_ONION_PROJECT.DOMAIN.csproj", "{1CD2CE70-6364-42C9-9574-A909A8968211}"
EndProject
Project("{9A19103F-16F7-4668-BE54-9A1E7A4F7556}") = "MVC_ONION_PROJECT.APPLICATION", "MVC_ONION_PROJECT.APPLICATION\MVC_ONION_PROJECT.APPLICATION.csproj", "{3B99416B-82FF-4821-A7EE-FA28541F1F73}"
EndProject
Project("{9A19103F-16F7-4668-BE54-9A1E7A4F7556}") = "MVC_ONION_PROJECT.INFRASTRUCTURE", "MVC_ONION_PROJECT.INFRASTRUCTURE\MVC_ONION_PROJECT.INFRASTRUCTURE.csproj", "{BC6018EB-7B5B-4BF2-A4B7-F56AD7561325}"
EndProject
Project("{9A19103F-16F7-4668-BE54-9A1E7A4F7556}") = "MVC_ONION_PROJECT.PRESENTATION", "MVC_ONION_PROJECT.PRESENTATION\MVC_ONION_PROJECT.PRESENTATION.csproj", "{FBA4FDEF-A84A-4AF4-9604-A3EEC86305B8}"
EndProject
Project("{FAE04EC0-301F-11D3-BF4B-00C04F79EFBC}") = "MVC_Onian_project.Presentation2", "MVC_Onian_project.Presentation2\MVC_Onian_project.Presentation2.csproj", "{4924B0FE-04CD-4CB0-B70E-FBA6B418C598}"
EndProject
Global
	GlobalSection(SolutionConfigurationPlatforms) = preSolution
		Debug|Any CPU = Debug|Any CPU
		Release|Any CPU = Release|Any CPU
	EndGlobalSection
	GlobalSection(ProjectConfigurationPlatforms) = postSolution
		{1CD2CE70-6364-42C9-9574-A909A8968211}.Debug|Any CPU.ActiveCfg = Debug|Any CPU
		{1CD2CE70-6364-42C9-9574-A909A8968211}.Debug|Any CPU.Build.0 = Debug|Any CPU
		{1CD2CE70-6364-42C9-9574-A909A8968211}.Release|Any CPU.ActiveCfg = Release|Any CPU
		{1CD2CE70-6364-42C9-9574-A909A8968211}.Release|Any CPU.Build.0 = Release|Any CPU
		{3B99416B-82FF-4821-A7EE-FA28541F1F73}.Debug|Any CPU.ActiveCfg = Debug|Any CPU
		{3B99416B-82FF-4821-A7EE-FA28541F1F73}.Debug|Any CPU.Build.0 = Debug|Any CPU
		{3B99416B-82FF-4821-A7EE-FA28541F1F73}.Release|Any CPU.ActiveCfg = Release|Any CPU
		{3B99416B-82FF-4821-A7EE-FA28541F1F73}.Release|Any CPU.Build.0 = Release|Any CPU
		{BC6018EB-7B5B-4BF2-A4B7-F56AD7561325}.Debug|Any CPU.ActiveCfg = Debug|Any CPU
		{BC6018EB-7B5B-4BF2-A4B7-F56AD7561325}.Debug|Any CPU.Build.0 = Debug|Any CPU
		{BC6018EB-7B5B-4BF2-A4B7-F56AD7561325}.Release|Any CPU.ActiveCfg = Release|Any CPU
		{BC6018EB-7B5B-4BF2-A4B7-F56AD7561325}.Release|Any CPU.Build.0 = Release|Any CPU
		{FBA4FDEF-A84A-4AF4-9604-A3EEC86305B8}.Debug|Any CPU.ActiveCfg = Debug|Any CPU
		{FBA4FDEF-A84A-4AF4-9604-A3EEC86305B8}.Debug|Any CPU.Build.0 = Debug|Any CPU
		{FBA4FDEF-A84A-4AF4-9604-A3EEC86305B8}.Release|Any CPU.ActiveCfg = Release|Any CPU
		{FBA4FDEF-A84A-4AF4-9604-A3EEC86305B8}.Release|Any CPU.Build.0 = Release|Any CPU
		{4924B0FE-04CD-4CB0-B70E-FBA6B418C598}.Debug|Any CPU.ActiveCfg = Debug|Any CPU
		{4924B0FE-04CD-4CB0-B70E-FBA6B418C598}.Debug|Any CPU.Build.0 = Debug|Any CPU
		{4924B0FE-04CD-4CB0-B70E-FBA6B418C598}.Release|Any CPU.ActiveCfg = Release|Any CPU
		{4924B0FE-04CD-4CB0-B70E-FBA6B418C598}.Release|Any CPU.Build.0 = Release|Any CPU
	EndGlobalSection
	GlobalSection(SolutionProperties) = preSolution
		HideSolutionNode = FALSE
	EndGlobalSection
	GlobalSection(ExtensibilityGlobals) = postSolution
		SolutionGuid = {27F73F9E-09BF-4755-80BF-6F02E7B696F5}
	EndGlobalSection
EndGlobal
